# This file is automatically @generated by Cargo.
# It is not intended for manual editing.
[[package]]
name = "gnuplot"
version = "0.0.31"
source = "registry+https://github.com/rust-lang/crates.io-index"

[[package]]
name = "integrate-and-fire"
version = "0.1.0"
dependencies = [
 "gnuplot 0.0.31 (registry+https://github.com/rust-lang/crates.io-index)",
]

[metadata]
"checksum gnuplot 0.0.31 (registry+https://github.com/rust-lang/crates.io-index)" = "18a907dc810202b800898a3059eba489404c7f232f8e141500122a86b173bd7f"
